
Microsoft Visual Studio Solution File, Format Version 12.00
# Visual Studio 15
VisualStudioVersion = 15.0.28010.2048
MinimumVisualStudioVersion = 10.0.40219.1
Project("{FAE04EC0-301F-11D3-BF4B-00C04F79EFBC}") = "HideConn", "HideConn\HideConn.csproj", "{03C9BD6E-202A-44CD-965F-7F1E854CB29F}"
EndProject
Project("{FAE04EC0-301F-11D3-BF4B-00C04F79EFBC}") = "LocalConn", "LocalConn\LocalConn.csproj", "{6727E87C-49B2-4F18-872A-2DBE62ADECE7}"
EndProject
Global
	GlobalSection(SolutionConfigurationPlatforms) = preSolution
		Debug|Any CPU = Debug|Any CPU
		Release|Any CPU = Release|Any CPU
	EndGlobalSection
	GlobalSection(ProjectConfigurationPlatforms) = postSolution
		{03C9BD6E-202A-44CD-965F-7F1E854CB29F}.Debug|Any CPU.ActiveCfg = Debug|Any CPU
		{03C9BD6E-202A-44CD-965F-7F1E854CB29F}.Debug|Any CPU.Build.0 = Debug|Any CPU
		{03C9BD6E-202A-44CD-965F-7F1E854CB29F}.Release|Any CPU.ActiveCfg = Release|Any CPU
		{03C9BD6E-202A-44CD-965F-7F1E854CB29F}.Release|Any CPU.Build.0 = Release|Any CPU
		{6727E87C-49B2-4F18-872A-2DBE62ADECE7}.Debug|Any CPU.ActiveCfg = Debug|Any CPU
		{6727E87C-49B2-4F18-872A-2DBE62ADECE7}.Debug|Any CPU.Build.0 = Debug|Any CPU
		{6727E87C-49B2-4F18-872A-2DBE62ADECE7}.Release|Any CPU.ActiveCfg = Release|Any CPU
		{6727E87C-49B2-4F18-872A-2DBE62ADECE7}.Release|Any CPU.Build.0 = Release|Any CPU
	EndGlobalSection
	GlobalSection(SolutionProperties) = preSolution
		HideSolutionNode = FALSE
	EndGlobalSection
	GlobalSection(ExtensibilityGlobals) = postSolution
		SolutionGuid = {1925187D-C67A-4F99-B4D7-8941E7F9AD88}
	EndGlobalSection
EndGlobal
